{
  "lockfile_version": "1",
  "packages": {
    "awscli2@2.17.42": {
      "last_modified": "2024-09-17T14:38:52Z",
      "resolved": "github:NixOS/nixpkgs/658e7223191d2598641d50ee4e898126768fe847#awscli2",
      "source": "devbox-search",
      "version": "2.17.42",
      "systems": {
        "aarch64-darwin": {
          "outputs": [
            {
              "name": "out",
              "path": "/nix/store/bqwrbnp6dba3hcwb4pa3js7k8a3qng1d-awscli2-2.17.42",
              "default": true
            },
            {
              "name": "dist",
              "path": "/nix/store/n49w8p0ar6869himw49w5xbdv9fi240k-awscli2-2.17.42-dist"
            }
          ],
          "store_path": "/nix/store/bqwrbnp6dba3hcwb4pa3js7k8a3qng1d-awscli2-2.17.42"
        },
        "aarch64-linux": {
          "outputs": [
            {
              "name": "out",
              "path": "/nix/store/77hg7nmwxi6lyd2vm5v2gimlf1pi9xfd-awscli2-2.17.42",
              "default": true
            },
            {
              "name": "dist",
              "path": "/nix/store/38iakdr6w5jxpawafq8svygcpyakmcmd-awscli2-2.17.42-dist"
            }
          ],
          "store_path": "/nix/store/77hg7nmwxi6lyd2vm5v2gimlf1pi9xfd-awscli2-2.17.42"
        },
        "x86_64-darwin": {
          "outputs": [
            {
              "name": "out",
              "path": "/nix/store/plmhhai86mbrdj5wbjdifynjcy15f62j-awscli2-2.17.42",
              "default": true
            },
            {
              "name": "dist",
              "path": "/nix/store/5cnykka5d6p6r67f5k4iy3405mx4n76n-awscli2-2.17.42-dist"
            }
          ],
          "store_path": "/nix/store/plmhhai86mbrdj5wbjdifynjcy15f62j-awscli2-2.17.42"
        },
        "x86_64-linux": {
          "outputs": [
            {
              "name": "out",
              "path": "/nix/store/wfpm0k836p09zdqbfy5wk013gvjb2di5-awscli2-2.17.42",
              "default": true
            },
            {
              "name": "dist",
              "path": "/nix/store/k5jkfl737gv619wcsnwavyyrkjhazl58-awscli2-2.17.42-dist"
            }
          ],
          "store_path": "/nix/store/wfpm0k836p09zdqbfy5wk013gvjb2di5-awscli2-2.17.42"
        }
      }
    },
    "go-task@3.38.0": {
      "last_modified": "2024-09-10T15:01:03Z",
      "resolved": "github:NixOS/nixpkgs/5ed627539ac84809c78b2dd6d26a5cebeb5ae269#go-task",
      "source": "devbox-search",
      "version": "3.38.0",
      "systems": {
        "aarch64-darwin": {
          "outputs": [
            {
              "name": "out",
              "path": "/nix/store/6fnjga1f6y9yw0xfa7bqq48mk4wnwj60-go-task-3.38.0",
              "default": true
            }
          ],
          "store_path": "/nix/store/6fnjga1f6y9yw0xfa7bqq48mk4wnwj60-go-task-3.38.0"
        },
        "aarch64-linux": {
          "outputs": [
            {
              "name": "out",
              "path": "/nix/store/y00rivpjziw0zpzacdxjmrs5i28d7grf-go-task-3.38.0",
              "default": true
            }
          ],
          "store_path": "/nix/store/y00rivpjziw0zpzacdxjmrs5i28d7grf-go-task-3.38.0"
        },
        "x86_64-darwin": {
          "outputs": [
            {
              "name": "out",
              "path": "/nix/store/kc0zm9kgsraznqyns5jqv0dixfgk6fm7-go-task-3.38.0",
              "default": true
            }
          ],
          "store_path": "/nix/store/kc0zm9kgsraznqyns5jqv0dixfgk6fm7-go-task-3.38.0"
        },
        "x86_64-linux": {
          "outputs": [
            {
              "name": "out",
              "path": "/nix/store/6fya93gcf8sla6npxp99rnbvyj6pmnr5-go-task-3.38.0",
              "default": true
            }
          ],
          "store_path": "/nix/store/6fya93gcf8sla6npxp99rnbvyj6pmnr5-go-task-3.38.0"
        }
      }
    },
    "terraform@1.9.6": {
      "last_modified": "2024-09-19T11:39:46Z",
      "resolved": "github:NixOS/nixpkgs/268bb5090a3c6ac5e1615b38542a868b52ef8088#terraform",
      "source": "devbox-search",
      "version": "1.9.6",
      "systems": {
        "aarch64-darwin": {
          "outputs": [
            {
              "name": "out",
              "path": "/nix/store/mjx8w9dgi2f142m7jmjgff23j0ascvy0-terraform-1.9.6",
              "default": true
            }
          ],
          "store_path": "/nix/store/mjx8w9dgi2f142m7jmjgff23j0ascvy0-terraform-1.9.6"
        },
        "aarch64-linux": {
          "outputs": [
            {
              "name": "out",
              "path": "/nix/store/sb08y8gwrkz811kay04sg9c6m3qjn68g-terraform-1.9.6",
              "default": true
            }
          ],
          "store_path": "/nix/store/sb08y8gwrkz811kay04sg9c6m3qjn68g-terraform-1.9.6"
        },
        "x86_64-darwin": {
          "outputs": [
            {
              "name": "out",
              "path": "/nix/store/gi7pci46v1f5w0222d1rarw3vlh3bqbc-terraform-1.9.6",
              "default": true
            }
          ],
          "store_path": "/nix/store/gi7pci46v1f5w0222d1rarw3vlh3bqbc-terraform-1.9.6"
        },
        "x86_64-linux": {
          "outputs": [
            {
              "name": "out",
              "path": "/nix/store/dzd6g1ww6wgpslp1wf6h2xi95l3ghhd8-terraform-1.9.6",
              "default": true
            }
          ],
          "store_path": "/nix/store/dzd6g1ww6wgpslp1wf6h2xi95l3ghhd8-terraform-1.9.6"
        }
      }
    }
  }
}
